
Microsoft Visual Studio Solution File, Format Version 12.00
# Visual Studio Version 17
VisualStudioVersion = 17.12.35527.113
MinimumVisualStudioVersion = 10.0.40219.1
Project("{FAE04EC0-301F-11D3-BF4B-00C04F79EFBC}") = "Banksim_Web", "Banksim_Web.csproj", "{AE9C51FA-1869-4021-84E3-1EDAA7697A2C}"
EndProject
Global
	GlobalSection(SolutionConfigurationPlatforms) = preSolution
		Debug|Any CPU = Debug|Any CPU
		Release|Any CPU = Release|Any CPU
	EndGlobalSection
	GlobalSection(ProjectConfigurationPlatforms) = postSolution
		{AE9C51FA-1869-4021-84E3-1EDAA7697A2C}.Debug|Any CPU.ActiveCfg = Debug|Any CPU
		{AE9C51FA-1869-4021-84E3-1EDAA7697A2C}.Debug|Any CPU.Build.0 = Debug|Any CPU
		{AE9C51FA-1869-4021-84E3-1EDAA7697A2C}.Release|Any CPU.ActiveCfg = Release|Any CPU
		{AE9C51FA-1869-4021-84E3-1EDAA7697A2C}.Release|Any CPU.Build.0 = Release|Any CPU
	EndGlobalSection
	GlobalSection(SolutionProperties) = preSolution
		HideSolutionNode = FALSE
	EndGlobalSection
	GlobalSection(ExtensibilityGlobals) = postSolution
		SolutionGuid = {81184C3B-E8A9-4877-A320-4F9DA94258B8}
	EndGlobalSection
EndGlobal
